
Microsoft Visual Studio Solution File, Format Version 12.00
Project("{FAE04EC0-301F-11D3-BF4B-00C04F79EFBC}") = "ES2_2023", "ES2_2023.csproj", "{322A0325-13DA-4038-9A63-715375A450E3}"
EndProject
Global
	GlobalSection(SolutionConfigurationPlatforms) = preSolution
		Debug|Any CPU = Debug|Any CPU
		Release|Any CPU = Release|Any CPU
	EndGlobalSection
	GlobalSection(ProjectConfigurationPlatforms) = postSolution
		{322A0325-13DA-4038-9A63-715375A450E3}.Debug|Any CPU.ActiveCfg = Debug|Any CPU
		{322A0325-13DA-4038-9A63-715375A450E3}.Debug|Any CPU.Build.0 = Debug|Any CPU
		{322A0325-13DA-4038-9A63-715375A450E3}.Release|Any CPU.ActiveCfg = Release|Any CPU
		{322A0325-13DA-4038-9A63-715375A450E3}.Release|Any CPU.Build.0 = Release|Any CPU
	EndGlobalSection
EndGlobal
